// !$*UTF8*$!
{
	archiveVersion = 1;
	classes = {
	};
	objectVersion = 46;
	objects = {

/* Begin PBXBuildFile section */
		DBD3813E1CA17E6C00782C43 /* AppDelegate.swift in Sources */ = {isa = PBXBuildFile; fileRef = DBD3813D1CA17E6C00782C43 /* AppDelegate.swift */; };
		DBD381401CA17E6C00782C43 /* ViewController.swift in Sources */ = {isa = PBXBuildFile; fileRef = DBD3813F1CA17E6C00782C43 /* ViewController.swift */; };
		DBD381431CA17E6C00782C43 /* Main.storyboard in Resources */ = {isa = PBXBuildFile; fileRef = DBD381411CA17E6C00782C43 /* Main.storyboard */; };
		DBD381451CA17E6D00782C43 /* Assets.xcassets in Resources */ = {isa = PBXBuildFile; fileRef = DBD381441CA17E6D00782C43 /* Assets.xcassets */; };
		DBD381481CA17E6D00782C43 /* LaunchScreen.storyboard in Resources */ = {isa = PBXBuildFile; fileRef = DBD381461CA17E6D00782C43 /* LaunchScreen.storyboard */; };
		DBD381531CA17E6D00782C43 /* TableViewFunTests.swift in Sources */ = {isa = PBXBuildFile; fileRef = DBD381521CA17E6D00782C43 /* TableViewFunTests.swift */; };
		DBD3815E1CA17E6D00782C43 /* TableViewFunUITests.swift in Sources */ = {isa = PBXBuildFile; fileRef = DBD3815D1CA17E6D00782C43 /* TableViewFunUITests.swift */; };
/* End PBXBuildFile section */

/* Begin PBXContainerItemProxy section */
		DBD3814F1CA17E6D00782C43 /* PBXContainerItemProxy */ = {
			isa = PBXContainerItemProxy;
			containerPortal = DBD381321CA17E6C00782C43 /* Project object */;
			proxyType = 1;
			remoteGlobalIDString = DBD381391CA17E6C00782C43;
			remoteInfo = TableViewFun;
		};
		DBD3815A1CA17E6D00782C43 /* PBXContainerItemProxy */ = {
			isa = PBXContainerItemProxy;
			containerPortal = DBD381321CA17E6C00782C43 /* Project object */;
			proxyType = 1;
			remoteGlobalIDString = DBD381391CA17E6C00782C43;
			remoteInfo = TableViewFun;
		};
/* End PBXContainerItemProxy section */

/* Begin PBXFileReference section */
		DBD3813A1CA17E6C00782C43 /* TableViewFun.app */ = {isa = PBXFileReference; explicitFileType = wrapper.application; includeInIndex = 0; path = TableViewFun.app; sourceTree = BUILT_PRODUCTS_DIR; };
		DBD3813D1CA17E6C00782C43 /* AppDelegate.swift */ = {isa = PBXFileReference; lastKnownFileType = sourcecode.swift; path = AppDelegate.swift; sourceTree = "<group>"; };
		DBD3813F1CA17E6C00782C43 /* ViewController.swift */ = {isa = PBXFileReference; lastKnownFileType = sourcecode.swift; path = ViewController.swift; sourceTree = "<group>"; };
		DBD381421CA17E6C00782C43 /* Base */ = {isa = PBXFileReference; lastKnownFileType = file.storyboard; name = Base; path = Base.lproj/Main.storyboard; sourceTree = "<group>"; };
		DBD381441CA17E6D00782C43 /* Assets.xcassets */ = {isa = PBXFileReference; lastKnownFileType = folder.assetcatalog; path = Assets.xcassets; sourceTree = "<group>"; };
		DBD381471CA17E6D00782C43 /* Base */ = {isa = PBXFileReference; lastKnownFileType = file.storyboard; name = Base; path = Base.lproj/LaunchScreen.storyboard; sourceTree = "<group>"; };
		DBD381491CA17E6D00782C43 /* Info.plist */ = {isa = PBXFileReference; lastKnownFileType = text.plist.xml; path = Info.plist; sourceTree = "<group>"; };
		DBD3814E1CA17E6D00782C43 /* TableViewFunTests.xctest */ = {isa = PBXFileReference; explicitFileType = wrapper.cfbundle; includeInIndex = 0; path = TableViewFunTests.xctest; sourceTree = BUILT_PRODUCTS_DIR; };
		DBD381521CA17E6D00782C43 /* TableViewFunTests.swift */ = {isa = PBXFileReference; lastKnownFileType = sourcecode.swift; path = TableViewFunTests.swift; sourceTree = "<group>"; };
		DBD381541CA17E6D00782C43 /* Info.plist */ = {isa = PBXFileReference; lastKnownFileType = text.plist.xml; path = Info.plist; sourceTree = "<group>"; };
		DBD381591CA17E6D00782C43 /* TableViewFunUITests.xctest */ = {isa = PBXFileReference; explicitFileType = wrapper.cfbundle; includeInIndex = 0; path = TableViewFunUITests.xctest; sourceTree = BUILT_PRODUCTS_DIR; };
		DBD3815D1CA17E6D00782C43 /* TableViewFunUITests.swift */ = {isa = PBXFileReference; lastKnownFileType = sourcecode.swift; path = TableViewFunUITests.swift; sourceTree = "<group>"; };
		DBD3815F1CA17E6D00782C43 /* Info.plist */ = {isa = PBXFileReference; lastKnownFileType = text.plist.xml; path = Info.plist; sourceTree = "<group>"; };
/* End PBXFileReference section */

/* Begin PBXFrameworksBuildPhase section */
		DBD381371CA17E6C00782C43 /* Frameworks */ = {
			isa = PBXFrameworksBuildPhase;
			buildActionMask = 2147483647;
			files = (
			);
			runOnlyForDeploymentPostprocessing = 0;
		};
		DBD3814B1CA17E6D00782C43 /* Frameworks */ = {
			isa = PBXFrameworksBuildPhase;
			buildActionMask = 2147483647;
			files = (
			);
			runOnlyForDeploymentPostprocessing = 0;
		};
		DBD381561CA17E6D00782C43 /* Frameworks */ = {
			isa = PBXFrameworksBuildPhase;
			buildActionMask = 2147483647;
			files = (
			);
			runOnlyForDeploymentPostprocessing = 0;
		};
/* End PBXFrameworksBuildPhase section */

/* Begin PBXGroup section */
		DBD381311CA17E6C00782C43 = {
			isa = PBXGroup;
			children = (
				DBD3813C1CA17E6C00782C43 /* TableViewFun */,
				DBD381511CA17E6D00782C43 /* TableViewFunTests */,
				DBD3815C1CA17E6D00782C43 /* TableViewFunUITests */,
				DBD3813B1CA17E6C00782C43 /* Products */,
			);
			sourceTree = "<group>";
		};
		DBD3813B1CA17E6C00782C43 /* Products */ = {
			isa = PBXGroup;
			children = (
				DBD3813A1CA17E6C00782C43 /* TableViewFun.app */,
				DBD3814E1CA17E6D00782C43 /* TableViewFunTests.xctest */,
				DBD381591CA17E6D00782C43 /* TableViewFunUITests.xctest */,
			);
			name = Products;
			sourceTree = "<group>";
		};
		DBD3813C1CA17E6C00782C43 /* TableViewFun */ = {
			isa = PBXGroup;
			children = (
				DBD3813D1CA17E6C00782C43 /* AppDelegate.swift */,
				DBD3813F1CA17E6C00782C43 /* ViewController.swift */,
				DBD381411CA17E6C00782C43 /* Main.storyboard */,
				DBD381441CA17E6D00782C43 /* Assets.xcassets */,
				DBD381461CA17E6D00782C43 /* LaunchScreen.storyboard */,
				DBD381491CA17E6D00782C43 /* Info.plist */,
			);
			path = TableViewFun;
			sourceTree = "<group>";
		};
		DBD381511CA17E6D00782C43 /* TableViewFunTests */ = {
			isa = PBXGroup;
			children = (
				DBD381521CA17E6D00782C43 /* TableViewFunTests.swift */,
				DBD381541CA17E6D00782C43 /* Info.plist */,
			);
			path = TableViewFunTests;
			sourceTree = "<group>";
		};
		DBD3815C1CA17E6D00782C43 /* TableViewFunUITests */ = {
			isa = PBXGroup;
			children = (
				DBD3815D1CA17E6D00782C43 /* TableViewFunUITests.swift */,
				DBD3815F1CA17E6D00782C43 /* Info.plist */,
			);
			path = TableViewFunUITests;
			sourceTree = "<group>";
		};
/* End PBXGroup section */

/* Begin PBXNativeTarget section */
		DBD381391CA17E6C00782C43 /* TableViewFun */ = {
			isa = PBXNativeTarget;
			buildConfigurationList = DBD381621CA17E6D00782C43 /* Build configuration list for PBXNativeTarget "TableViewFun" */;
			buildPhases = (
				DBD381361CA17E6C00782C43 /* Sources */,
				DBD381371CA17E6C00782C43 /* Frameworks */,
				DBD381381CA17E6C00782C43 /* Resources */,
			);
			buildRules = (
			);
			dependencies = (
			);
			name = TableViewFun;
			productName = TableViewFun;
			productReference = DBD3813A1CA17E6C00782C43 /* TableViewFun.app */;
			productType = "com.apple.product-type.application";
		};
		DBD3814D1CA17E6D00782C43 /* TableViewFunTests */ = {
			isa = PBXNativeTarget;
			buildConfigurationList = DBD381651CA17E6D00782C43 /* Build configuration list for PBXNativeTarget "TableViewFunTests" */;
			buildPhases = (
				DBD3814A1CA17E6D00782C43 /* Sources */,
				DBD3814B1CA17E6D00782C43 /* Frameworks */,
				DBD3814C1CA17E6D00782C43 /* Resources */,
			);
			buildRules = (
			);
			dependencies = (
				DBD381501CA17E6D00782C43 /* PBXTargetDependency */,
			);
			name = TableViewFunTests;
			productName = TableViewFunTests;
			productReference = DBD3814E1CA17E6D00782C43 /* TableViewFunTests.xctest */;
			productType = "com.apple.product-type.bundle.unit-test";
		};
		DBD381581CA17E6D00782C43 /* TableViewFunUITests */ = {
			isa = PBXNativeTarget;
			buildConfigurationList = DBD381681CA17E6D00782C43 /* Build configuration list for PBXNativeTarget "TableViewFunUITests" */;
			buildPhases = (
				DBD381551CA17E6D00782C43 /* Sources */,
				DBD381561CA17E6D00782C43 /* Frameworks */,
				DBD381571CA17E6D00782C43 /* Resources */,
			);
			buildRules = (
			);
			dependencies = (
				DBD3815B1CA17E6D00782C43 /* PBXTargetDependency */,
			);
			name = TableViewFunUITests;
			productName = TableViewFunUITests;
			productReference = DBD381591CA17E6D00782C43 /* TableViewFunUITests.xctest */;
			productType = "com.apple.product-type.bundle.ui-testing";
		};
/* End PBXNativeTarget section */

/* Begin PBXProject section */
		DBD381321CA17E6C00782C43 /* Project object */ = {
			isa = PBXProject;
			attributes = {
				LastSwiftUpdateCheck = 0720;
				LastUpgradeCheck = 0720;
				ORGANIZATIONNAME = "Adam Zarn";
				TargetAttributes = {
					DBD381391CA17E6C00782C43 = {
						CreatedOnToolsVersion = 7.2.1;
						DevelopmentTeam = HE77MR2NG6;
					};
					DBD3814D1CA17E6D00782C43 = {
						CreatedOnToolsVersion = 7.2.1;
						DevelopmentTeam = HE77MR2NG6;
						TestTargetID = DBD381391CA17E6C00782C43;
					};
					DBD381581CA17E6D00782C43 = {
						CreatedOnToolsVersion = 7.2.1;
						DevelopmentTeam = HE77MR2NG6;
						TestTargetID = DBD381391CA17E6C00782C43;
					};
				};
			};
			buildConfigurationList = DBD381351CA17E6C00782C43 /* Build configuration list for PBXProject "TableViewFun" */;
			compatibilityVersion = "Xcode 3.2";
			developmentRegion = English;
			hasScannedForEncodings = 0;
			knownRegions = (
				en,
				Base,
			);
			mainGroup = DBD381311CA17E6C00782C43;
			productRefGroup = DBD3813B1CA17E6C00782C43 /* Products */;
			projectDirPath = "";
			projectRoot = "";
			targets = (
				DBD381391CA17E6C00782C43 /* TableViewFun */,
				DBD3814D1CA17E6D00782C43 /* TableViewFunTests */,
				DBD381581CA17E6D00782C43 /* TableViewFunUITests */,
			);
		};
/* End PBXProject section */

/* Begin PBXResourcesBuildPhase section */
		DBD381381CA17E6C00782C43 /* Resources */ = {
			isa = PBXResourcesBuildPhase;
			buildActionMask = 2147483647;
			files = (
				DBD381481CA17E6D00782C43 /* LaunchScreen.storyboard in Resources */,
				DBD381451CA17E6D00782C43 /* Assets.xcassets in Resources */,
				DBD381431CA17E6C00782C43 /* Main.storyboard in Resources */,
			);
			runOnlyForDeploymentPostprocessing = 0;
		};
		DBD3814C1CA17E6D00782C43 /* Resources */ = {
			isa = PBXResourcesBuildPhase;
			buildActionMask = 2147483647;
			files = (
			);
			runOnlyForDeploymentPostprocessing = 0;
		};
		DBD381571CA17E6D00782C43 /* Resources */ = {
			isa = PBXResourcesBuildPhase;
			buildActionMask = 2147483647;
			files = (
			);
			runOnlyForDeploymentPostprocessing = 0;
		};
/* End PBXResourcesBuildPhase section */

/* Begin PBXSourcesBuildPhase section */
		DBD381361CA17E6C00782C43 /* Sources */ = {
			isa = PBXSourcesBuildPhase;
			buildActionMask = 2147483647;
			files = (
				DBD381401CA17E6C00782C43 /* ViewController.swift in Sources */,
				DBD3813E1CA17E6C00782C43 /* AppDelegate.swift in Sources */,
			);
			runOnlyForDeploymentPostprocessing = 0;
		};
		DBD3814A1CA17E6D00782C43 /* Sources */ = {
			isa = PBXSourcesBuildPhase;
			buildActionMask = 2147483647;
			files = (
				DBD381531CA17E6D00782C43 /* TableViewFunTests.swift in Sources */,
			);
			runOnlyForDeploymentPostprocessing = 0;
		};
		DBD381551CA17E6D00782C43 /* Sources */ = {
			isa = PBXSourcesBuildPhase;
			buildActionMask = 2147483647;
			files = (
				DBD3815E1CA17E6D00782C43 /* TableViewFunUITests.swift in Sources */,
			);
			runOnlyForDeploymentPostprocessing = 0;
		};
/* End PBXSourcesBuildPhase section */

/* Begin PBXTargetDependency section */
		DBD381501CA17E6D00782C43 /* PBXTargetDependency */ = {
			isa = PBXTargetDependency;
			target = DBD381391CA17E6C00782C43 /* TableViewFun */;
			targetProxy = DBD3814F1CA17E6D00782C43 /* PBXContainerItemProxy */;
		};
		DBD3815B1CA17E6D00782C43 /* PBXTargetDependency */ = {
			isa = PBXTargetDependency;
			target = DBD381391CA17E6C00782C43 /* TableViewFun */;
			targetProxy = DBD3815A1CA17E6D00782C43 /* PBXContainerItemProxy */;
		};
/* End PBXTargetDependency section */

/* Begin PBXVariantGroup section */
		DBD381411CA17E6C00782C43 /* Main.storyboard */ = {
			isa = PBXVariantGroup;
			children = (
				DBD381421CA17E6C00782C43 /* Base */,
			);
			name = Main.storyboard;
			sourceTree = "<group>";
		};
		DBD381461CA17E6D00782C43 /* LaunchScreen.storyboard */ = {
			isa = PBXVariantGroup;
			children = (
				DBD381471CA17E6D00782C43 /* Base */,
			);
			name = LaunchScreen.storyboard;
			sourceTree = "<group>";
		};
/* End PBXVariantGroup section */

/* Begin XCBuildConfiguration section */
		DBD381601CA17E6D00782C43 /* Debug */ = {
			isa = XCBuildConfiguration;
			buildSettings = {
				ALWAYS_SEARCH_USER_PATHS = NO;
				CLANG_CXX_LANGUAGE_STANDARD = "gnu++0x";
				CLANG_CXX_LIBRARY = "libc++";
				CLANG_ENABLE_MODULES = YES;
				CLANG_ENABLE_OBJC_ARC = YES;
				CLANG_WARN_BOOL_CONVERSION = YES;
				CLANG_WARN_CONSTANT_CONVERSION = YES;
				CLANG_WARN_DIRECT_OBJC_ISA_USAGE = YES_ERROR;
				CLANG_WARN_EMPTY_BODY = YES;
				CLANG_WARN_ENUM_CONVERSION = YES;
				CLANG_WARN_INT_CONVERSION = YES;
				CLANG_WARN_OBJC_ROOT_CLASS = YES_ERROR;
				CLANG_WARN_UNREACHABLE_CODE = YES;
				CLANG_WARN__DUPLICATE_METHOD_MATCH = YES;
				"CODE_SIGN_IDENTITY[sdk=iphoneos*]" = "iPhone Developer";
				COPY_PHASE_STRIP = NO;
				DEBUG_INFORMATION_FORMAT = dwarf;
				ENABLE_STRICT_OBJC_MSGSEND = YES;
				ENABLE_TESTABILITY = YES;
				GCC_C_LANGUAGE_STANDARD = gnu99;
				GCC_DYNAMIC_NO_PIC = NO;
				GCC_NO_COMMON_BLOCKS = YES;
				GCC_OPTIMIZATION_LEVEL = 0;
				GCC_PREPROCESSOR_DEFINITIONS = (
					"DEBUG=1",
					"$(inherited)",
				);
				GCC_WARN_64_TO_32_BIT_CONVERSION = YES;
				GCC_WARN_ABOUT_RETURN_TYPE = YES_ERROR;
				GCC_WARN_UNDECLARED_SELECTOR = YES;
				GCC_WARN_UNINITIALIZED_AUTOS = YES_AGGRESSIVE;
				GCC_WARN_UNUSED_FUNCTION = YES;
				GCC_WARN_UNUSED_VARIABLE = YES;
				IPHONEOS_DEPLOYMENT_TARGET = 9.2;
				MTL_ENABLE_DEBUG_INFO = YES;
				ONLY_ACTIVE_ARCH = YES;
				SDKROOT = iphoneos;
				SWIFT_OPTIMIZATION_LEVEL = "-Onone";
				TARGETED_DEVICE_FAMILY = "1,2";
			};
			name = Debug;
		};
		DBD381611CA17E6D00782C43 /* Release */ = {
			isa = XCBuildConfiguration;
			buildSettings = {
				ALWAYS_SEARCH_USER_PATHS = NO;
				CLANG_CXX_LANGUAGE_STANDARD = "gnu++0x";
				CLANG_CXX_LIBRARY = "libc++";
				CLANG_ENABLE_MODULES = YES;
				CLANG_ENABLE_OBJC_ARC = YES;
				CLANG_WARN_BOOL_CONVERSION = YES;
				CLANG_WARN_CONSTANT_CONVERSION = YES;
				CLANG_WARN_DIRECT_OBJC_ISA_USAGE = YES_ERROR;
				CLANG_WARN_EMPTY_BODY = YES;
				CLANG_WARN_ENUM_CONVERSION = YES;
				CLANG_WARN_INT_CONVERSION = YES;
				CLANG_WARN_OBJC_ROOT_CLASS = YES_ERROR;
				CLANG_WARN_UNREACHABLE_CODE = YES;
				CLANG_WARN__DUPLICATE_METHOD_MATCH = YES;
				"CODE_SIGN_IDENTITY[sdk=iphoneos*]" = "iPhone Developer";
				COPY_PHASE_STRIP = NO;
				DEBUG_INFORMATION_FORMAT = "dwarf-with-dsym";
				ENABLE_NS_ASSERTIONS = NO;
				ENABLE_STRICT_OBJC_MSGSEND = YES;
				GCC_C_LANGUAGE_STANDARD = gnu99;
				GCC_NO_COMMON_BLOCKS = YES;
				GCC_WARN_64_TO_32_BIT_CONVERSION = YES;
				GCC_WARN_ABOUT_RETURN_TYPE = YES_ERROR;
				GCC_WARN_UNDECLARED_SELECTOR = YES;
				GCC_WARN_UNINITIALIZED_AUTOS = YES_AGGRESSIVE;
				GCC_WARN_UNUSED_FUNCTION = YES;
				GCC_WARN_UNUSED_VARIABLE = YES;
				IPHONEOS_DEPLOYMENT_TARGET = 9.2;
				MTL_ENABLE_DEBUG_INFO = NO;
				SDKROOT = iphoneos;
				TARGETED_DEVICE_FAMILY = "1,2";
				VALIDATE_PRODUCT = YES;
			};
			name = Release;
		};
		DBD381631CA17E6D00782C43 /* Debug */ = {
			isa = XCBuildConfiguration;
			buildSettings = {
				ASSETCATALOG_COMPILER_APPICON_NAME = AppIcon;
				INFOPLIST_FILE = TableViewFun/Info.plist;
				LD_RUNPATH_SEARCH_PATHS = "$(inherited) @executable_path/Frameworks";
				PRODUCT_BUNDLE_IDENTIFIER = AJZ.TableViewFun;
				PRODUCT_NAME = "$(TARGET_NAME)";
			};
			name = Debug;
		};
		DBD381641CA17E6D00782C43 /* Release */ = {
			isa = XCBuildConfiguration;
			buildSettings = {
				ASSETCATALOG_COMPILER_APPICON_NAME = AppIcon;
				INFOPLIST_FILE = TableViewFun/Info.plist;
				LD_RUNPATH_SEARCH_PATHS = "$(inherited) @executable_path/Frameworks";
				PRODUCT_BUNDLE_IDENTIFIER = AJZ.TableViewFun;
				PRODUCT_NAME = "$(TARGET_NAME)";
			};
			name = Release;
		};
		DBD381661CA17E6D00782C43 /* Debug */ = {
			isa = XCBuildConfiguration;
			buildSettings = {
				BUNDLE_LOADER = "$(TEST_HOST)";
				INFOPLIST_FILE = TableViewFunTests/Info.plist;
				LD_RUNPATH_SEARCH_PATHS = "$(inherited) @executable_path/Frameworks @loader_path/Frameworks";
				PRODUCT_BUNDLE_IDENTIFIER = AJZ.TableViewFunTests;
				PRODUCT_NAME = "$(TARGET_NAME)";
				TEST_HOST = "$(BUILT_PRODUCTS_DIR)/TableViewFun.app/TableViewFun";
			};
			name = Debug;
		};
		DBD381671CA17E6D00782C43 /* Release */ = {
			isa = XCBuildConfiguration;
			buildSettings = {
				BUNDLE_LOADER = "$(TEST_HOST)";
				INFOPLIST_FILE = TableViewFunTests/Info.plist;
				LD_RUNPATH_SEARCH_PATHS = "$(inherited) @executable_path/Frameworks @loader_path/Frameworks";
				PRODUCT_BUNDLE_IDENTIFIER = AJZ.TableViewFunTests;
				PRODUCT_NAME = "$(TARGET_NAME)";
				TEST_HOST = "$(BUILT_PRODUCTS_DIR)/TableViewFun.app/TableViewFun";
			};
			name = Release;
		};
		DBD381691CA17E6D00782C43 /* Debug */ = {
			isa = XCBuildConfiguration;
			buildSettings = {
				INFOPLIST_FILE = TableViewFunUITests/Info.plist;
				LD_RUNPATH_SEARCH_PATHS = "$(inherited) @executable_path/Frameworks @loader_path/Frameworks";
				PRODUCT_BUNDLE_IDENTIFIER = AJZ.TableViewFunUITests;
				PRODUCT_NAME = "$(TARGET_NAME)";
				TEST_TARGET_NAME = TableViewFun;
				USES_XCTRUNNER = YES;
			};
			name = Debug;
		};
		DBD3816A1CA17E6D00782C43 /* Release */ = {
			isa = XCBuildConfiguration;
			buildSettings = {
				INFOPLIST_FILE = TableViewFunUITests/Info.plist;
				LD_RUNPATH_SEARCH_PATHS = "$(inherited) @executable_path/Frameworks @loader_path/Frameworks";
				PRODUCT_BUNDLE_IDENTIFIER = AJZ.TableViewFunUITests;
				PRODUCT_NAME = "$(TARGET_NAME)";
				TEST_TARGET_NAME = TableViewFun;
				USES_XCTRUNNER = YES;
			};
			name = Release;
		};
/* End XCBuildConfiguration section */

/* Begin XCConfigurationList section */
		DBD381351CA17E6C00782C43 /* Build configuration list for PBXProject "TableViewFun" */ = {
			isa = XCConfigurationList;
			buildConfigurations = (
				DBD381601CA17E6D00782C43 /* Debug */,
				DBD381611CA17E6D00782C43 /* Release */,
			);
			defaultConfigurationIsVisible = 0;
			defaultConfigurationName = Release;
		};
		DBD381621CA17E6D00782C43 /* Build configuration list for PBXNativeTarget "TableViewFun" */ = {
			isa = XCConfigurationList;
			buildConfigurations = (
				DBD381631CA17E6D00782C43 /* Debug */,
				DBD381641CA17E6D00782C43 /* Release */,
			);
			defaultConfigurationIsVisible = 0;
		};
		DBD381651CA17E6D00782C43 /* Build configuration list for PBXNativeTarget "TableViewFunTests" */ = {
			isa = XCConfigurationList;
			buildConfigurations = (
				DBD381661CA17E6D00782C43 /* Debug */,
				DBD381671CA17E6D00782C43 /* Release */,
			);
			defaultConfigurationIsVisible = 0;
		};
		DBD381681CA17E6D00782C43 /* Build configuration list for PBXNativeTarget "TableViewFunUITests" */ = {
			isa = XCConfigurationList;
			buildConfigurations = (
				DBD381691CA17E6D00782C43 /* Debug */,
				DBD3816A1CA17E6D00782C43 /* Release */,
			);
			defaultConfigurationIsVisible = 0;
		};
/* End XCConfigurationList section */
	};
	rootObject = DBD381321CA17E6C00782C43 /* Project object */;
}
